schema: '2.0'
stages:
  list:
    cmd: stages/01_list.sh
    deps:
    - path: stages/00_config.sh
      hash: md5
      md5: d64517cc51fcd976f1bcac76c0308f5b
      size: 313
      isexec: true
    - path: stages/01_list.sh
      hash: md5
      md5: 2ec02a3bbb6f41417eaf26a1bbda399d
      size: 309
      isexec: true
    outs:
    - path: list
      hash: md5
      md5: 76ab7eae2bd7099630551619c7a6186e.dir
      size: 534783
      nfiles: 1
  download:
    cmd: stages/02_download.sh
    deps:
    - path: list
      hash: md5
      md5: 76ab7eae2bd7099630551619c7a6186e.dir
      size: 534783
      nfiles: 1
    - path: stages/00_config.sh
      hash: md5
      md5: d64517cc51fcd976f1bcac76c0308f5b
      size: 313
      isexec: true
    - path: stages/02_download.sh
      hash: md5
      md5: 5d3282f22bfe197c8a1ba274d3335cb3
      size: 158
      isexec: true
    - path: stages/02_download_async.py
      hash: md5
      md5: 63dafff0818a819102de634e777fcdfd
      size: 9825
      isexec: true
    outs:
    - path: download
      hash: md5
      md5: 42eee470f3ef3d408c1d0c6d716f0199.dir
      size: 134648147274
      nfiles: 4452
  build:
    cmd: stages/03_build.sh
    deps:
    - path: download
      hash: md5
      md5: 42eee470f3ef3d408c1d0c6d716f0199.dir
      size: 134648147274
      nfiles: 4452
    - path: list
      hash: md5
      md5: 76ab7eae2bd7099630551619c7a6186e.dir
      size: 534783
      nfiles: 1
    - path: stages/00_config.sh
      hash: md5
      md5: d64517cc51fcd976f1bcac76c0308f5b
      size: 313
      isexec: true
    - path: stages/03_build.sh
      hash: md5
      md5: fbf62d3defbdcd39a1b66dd0da459a97
      size: 390
      isexec: true
    - path: stages/build_parquet.py
      hash: md5
      md5: 927f83882a358e0c40ffdd12cf1df7a6
      size: 6512
    - path: stages/json2parquet.py
      hash: md5
      md5: d882d2aac246b4b6fd333e0f2fcdd32d
      size: 1865
    outs:
    - path: brick
      hash: md5
      md5: 7340a405efe1a4c122ea447387e78803.dir
      size: 167631886881
      nfiles: 2160
