---
schema: '2.0'
stages:
  download:
    cmd: stages/02_download.sh
    deps:
    - hash: md5
      md5: 3786630381c3c56720d26e239fd89a94.dir
      nfiles: 1
      path: list
      size: 471498
    - hash: md5
      md5: 4e31c2579181fc9bac5ee13a3761200c
      path: stages/02_download.sh
      size: 3256
    outs:
    - hash: md5
      md5: 5bee88051c751351818d6e24de90dd33.dir
      nfiles: 3808
      path: download
      size: 105861938093
  list:
    cmd: stages/01_list.sh
    deps:
    - hash: md5
      md5: 02e7cadc9df146b2310625db6795fd2f
      path: stages/01_list.sh
      size: 425
    outs:
    - hash: md5
      md5: 3786630381c3c56720d26e239fd89a94.dir
      nfiles: 1
      path: list
      size: 471498
